
Microsoft Visual Studio Solution File, Format Version 12.00
# Visual Studio 15
VisualStudioVersion = 15.0.28307.271
MinimumVisualStudioVersion = 10.0.40219.1
Project("{8BC9CEB8-8B4A-11D0-8D11-00A0C91BC942}") = "Прості числа", "Прості числа\Прості числа.vcxproj", "{B03C8280-77E6-4334-95AA-8BF753524CDC}"
EndProject
Global
	GlobalSection(SolutionConfigurationPlatforms) = preSolution
		Debug|x64 = Debug|x64
		Debug|x86 = Debug|x86
		Release|x64 = Release|x64
		Release|x86 = Release|x86
	EndGlobalSection
	GlobalSection(ProjectConfigurationPlatforms) = postSolution
		{B03C8280-77E6-4334-95AA-8BF753524CDC}.Debug|x64.ActiveCfg = Debug|x64
		{B03C8280-77E6-4334-95AA-8BF753524CDC}.Debug|x64.Build.0 = Debug|x64
		{B03C8280-77E6-4334-95AA-8BF753524CDC}.Debug|x86.ActiveCfg = Debug|Win32
		{B03C8280-77E6-4334-95AA-8BF753524CDC}.Debug|x86.Build.0 = Debug|Win32
		{B03C8280-77E6-4334-95AA-8BF753524CDC}.Release|x64.ActiveCfg = Release|x64
		{B03C8280-77E6-4334-95AA-8BF753524CDC}.Release|x64.Build.0 = Release|x64
		{B03C8280-77E6-4334-95AA-8BF753524CDC}.Release|x86.ActiveCfg = Release|Win32
		{B03C8280-77E6-4334-95AA-8BF753524CDC}.Release|x86.Build.0 = Release|Win32
	EndGlobalSection
	GlobalSection(SolutionProperties) = preSolution
		HideSolutionNode = FALSE
	EndGlobalSection
	GlobalSection(ExtensibilityGlobals) = postSolution
		SolutionGuid = {2E18F70E-474D-4E74-9E11-609CD2C20A7C}
	EndGlobalSection
EndGlobal
