
Microsoft Visual Studio Solution File, Format Version 12.00
# Visual Studio 15
VisualStudioVersion = 15.0.28307.271
MinimumVisualStudioVersion = 10.0.40219.1
Project("{8BC9CEB8-8B4A-11D0-8D11-00A0C91BC942}") = "Paper Sheets", "Paper Sheets\Paper Sheets.vcxproj", "{7B53F68F-8517-42E0-B1BA-D85827AB2E84}"
EndProject
Global
	GlobalSection(SolutionConfigurationPlatforms) = preSolution
		Debug|x64 = Debug|x64
		Debug|x86 = Debug|x86
		Release|x64 = Release|x64
		Release|x86 = Release|x86
	EndGlobalSection
	GlobalSection(ProjectConfigurationPlatforms) = postSolution
		{7B53F68F-8517-42E0-B1BA-D85827AB2E84}.Debug|x64.ActiveCfg = Debug|x64
		{7B53F68F-8517-42E0-B1BA-D85827AB2E84}.Debug|x64.Build.0 = Debug|x64
		{7B53F68F-8517-42E0-B1BA-D85827AB2E84}.Debug|x86.ActiveCfg = Debug|Win32
		{7B53F68F-8517-42E0-B1BA-D85827AB2E84}.Debug|x86.Build.0 = Debug|Win32
		{7B53F68F-8517-42E0-B1BA-D85827AB2E84}.Release|x64.ActiveCfg = Release|x64
		{7B53F68F-8517-42E0-B1BA-D85827AB2E84}.Release|x64.Build.0 = Release|x64
		{7B53F68F-8517-42E0-B1BA-D85827AB2E84}.Release|x86.ActiveCfg = Release|Win32
		{7B53F68F-8517-42E0-B1BA-D85827AB2E84}.Release|x86.Build.0 = Release|Win32
	EndGlobalSection
	GlobalSection(SolutionProperties) = preSolution
		HideSolutionNode = FALSE
	EndGlobalSection
	GlobalSection(ExtensibilityGlobals) = postSolution
		SolutionGuid = {99937B4C-3243-4213-9450-561B1D3AED71}
	EndGlobalSection
EndGlobal
