
Microsoft Visual Studio Solution File, Format Version 12.00
# Visual Studio 15
VisualStudioVersion = 15.0.28307.421
MinimumVisualStudioVersion = 10.0.40219.1
Project("{8BC9CEB8-8B4A-11D0-8D11-00A0C91BC942}") = "4778 - Належність точки проміжку", "4778 - Належність точки проміжку\4778 - Належність точки проміжку.vcxproj", "{D04A531F-D625-4062-B2F4-0A635CC68AE5}"
EndProject
Global
	GlobalSection(SolutionConfigurationPlatforms) = preSolution
		Debug|x64 = Debug|x64
		Debug|x86 = Debug|x86
		Release|x64 = Release|x64
		Release|x86 = Release|x86
	EndGlobalSection
	GlobalSection(ProjectConfigurationPlatforms) = postSolution
		{D04A531F-D625-4062-B2F4-0A635CC68AE5}.Debug|x64.ActiveCfg = Debug|x64
		{D04A531F-D625-4062-B2F4-0A635CC68AE5}.Debug|x64.Build.0 = Debug|x64
		{D04A531F-D625-4062-B2F4-0A635CC68AE5}.Debug|x86.ActiveCfg = Debug|Win32
		{D04A531F-D625-4062-B2F4-0A635CC68AE5}.Debug|x86.Build.0 = Debug|Win32
		{D04A531F-D625-4062-B2F4-0A635CC68AE5}.Release|x64.ActiveCfg = Release|x64
		{D04A531F-D625-4062-B2F4-0A635CC68AE5}.Release|x64.Build.0 = Release|x64
		{D04A531F-D625-4062-B2F4-0A635CC68AE5}.Release|x86.ActiveCfg = Release|Win32
		{D04A531F-D625-4062-B2F4-0A635CC68AE5}.Release|x86.Build.0 = Release|Win32
	EndGlobalSection
	GlobalSection(SolutionProperties) = preSolution
		HideSolutionNode = FALSE
	EndGlobalSection
	GlobalSection(ExtensibilityGlobals) = postSolution
		SolutionGuid = {C0741BAF-DE23-45EA-89F7-7261ACD63FFC}
	EndGlobalSection
EndGlobal
