
Microsoft Visual Studio Solution File, Format Version 12.00
# Visual Studio 15
VisualStudioVersion = 15.0.28307.421
MinimumVisualStudioVersion = 10.0.40219.1
Project("{8BC9CEB8-8B4A-11D0-8D11-00A0C91BC942}") = "1261 - Футбольные произведения", "1261 - Футбольные произведения\1261 - Футбольные произведения.vcxproj", "{43BB24BA-AF95-403E-90C8-4535E57D65F8}"
EndProject
Global
	GlobalSection(SolutionConfigurationPlatforms) = preSolution
		Debug|x64 = Debug|x64
		Debug|x86 = Debug|x86
		Release|x64 = Release|x64
		Release|x86 = Release|x86
	EndGlobalSection
	GlobalSection(ProjectConfigurationPlatforms) = postSolution
		{43BB24BA-AF95-403E-90C8-4535E57D65F8}.Debug|x64.ActiveCfg = Debug|x64
		{43BB24BA-AF95-403E-90C8-4535E57D65F8}.Debug|x64.Build.0 = Debug|x64
		{43BB24BA-AF95-403E-90C8-4535E57D65F8}.Debug|x86.ActiveCfg = Debug|Win32
		{43BB24BA-AF95-403E-90C8-4535E57D65F8}.Debug|x86.Build.0 = Debug|Win32
		{43BB24BA-AF95-403E-90C8-4535E57D65F8}.Release|x64.ActiveCfg = Release|x64
		{43BB24BA-AF95-403E-90C8-4535E57D65F8}.Release|x64.Build.0 = Release|x64
		{43BB24BA-AF95-403E-90C8-4535E57D65F8}.Release|x86.ActiveCfg = Release|Win32
		{43BB24BA-AF95-403E-90C8-4535E57D65F8}.Release|x86.Build.0 = Release|Win32
	EndGlobalSection
	GlobalSection(SolutionProperties) = preSolution
		HideSolutionNode = FALSE
	EndGlobalSection
	GlobalSection(ExtensibilityGlobals) = postSolution
		SolutionGuid = {B4E4AD6F-72E6-4B15-9F47-432457EDAE04}
	EndGlobalSection
EndGlobal
