
Microsoft Visual Studio Solution File, Format Version 12.00
# Visual Studio 15
VisualStudioVersion = 15.0.28307.271
MinimumVisualStudioVersion = 10.0.40219.1
Project("{8BC9CEB8-8B4A-11D0-8D11-00A0C91BC942}") = "Factors of 3 and 5", "Factors of 3 and 5\Factors of 3 and 5.vcxproj", "{1CC0E8AC-BA5F-4DC3-BD25-980816FF462F}"
EndProject
Global
	GlobalSection(SolutionConfigurationPlatforms) = preSolution
		Debug|x64 = Debug|x64
		Debug|x86 = Debug|x86
		Release|x64 = Release|x64
		Release|x86 = Release|x86
	EndGlobalSection
	GlobalSection(ProjectConfigurationPlatforms) = postSolution
		{1CC0E8AC-BA5F-4DC3-BD25-980816FF462F}.Debug|x64.ActiveCfg = Debug|x64
		{1CC0E8AC-BA5F-4DC3-BD25-980816FF462F}.Debug|x64.Build.0 = Debug|x64
		{1CC0E8AC-BA5F-4DC3-BD25-980816FF462F}.Debug|x86.ActiveCfg = Debug|Win32
		{1CC0E8AC-BA5F-4DC3-BD25-980816FF462F}.Debug|x86.Build.0 = Debug|Win32
		{1CC0E8AC-BA5F-4DC3-BD25-980816FF462F}.Release|x64.ActiveCfg = Release|x64
		{1CC0E8AC-BA5F-4DC3-BD25-980816FF462F}.Release|x64.Build.0 = Release|x64
		{1CC0E8AC-BA5F-4DC3-BD25-980816FF462F}.Release|x86.ActiveCfg = Release|Win32
		{1CC0E8AC-BA5F-4DC3-BD25-980816FF462F}.Release|x86.Build.0 = Release|Win32
	EndGlobalSection
	GlobalSection(SolutionProperties) = preSolution
		HideSolutionNode = FALSE
	EndGlobalSection
	GlobalSection(ExtensibilityGlobals) = postSolution
		SolutionGuid = {866B8BBA-8EB6-49A0-AAE2-1E1CCBDABBD3}
	EndGlobalSection
EndGlobal
